// !$*UTF8*$!
{
	archiveVersion = 1;
	classes = {
	};
	objectVersion = 50;
	objects = {

/* Begin PBXBuildFile section */
		7148948122E56EEE006B84A5 /* AppDelegate.swift in Sources */ = {isa = PBXBuildFile; fileRef = 7148948022E56EEE006B84A5 /* AppDelegate.swift */; };
		7148948322E56EEE006B84A5 /* IdeaListVC.swift in Sources */ = {isa = PBXBuildFile; fileRef = 7148948222E56EEE006B84A5 /* IdeaListVC.swift */; };
		7148948622E56EEE006B84A5 /* Main.storyboard in Resources */ = {isa = PBXBuildFile; fileRef = 7148948422E56EEE006B84A5 /* Main.storyboard */; };
		7148948922E56EEE006B84A5 /* Idea_Flask.xcdatamodeld in Sources */ = {isa = PBXBuildFile; fileRef = 7148948722E56EEE006B84A5 /* Idea_Flask.xcdatamodeld */; };
		7148948B22E56EF0006B84A5 /* Assets.xcassets in Resources */ = {isa = PBXBuildFile; fileRef = 7148948A22E56EF0006B84A5 /* Assets.xcassets */; };
		7148948E22E56EF0006B84A5 /* LaunchScreen.storyboard in Resources */ = {isa = PBXBuildFile; fileRef = 7148948C22E56EF0006B84A5 /* LaunchScreen.storyboard */; };
		7148949B22E56F93006B84A5 /* Idea.swift in Sources */ = {isa = PBXBuildFile; fileRef = 7148949A22E56F93006B84A5 /* Idea.swift */; };
		7148949D22E57266006B84A5 /* DataService.swift in Sources */ = {isa = PBXBuildFile; fileRef = 7148949C22E57266006B84A5 /* DataService.swift */; };
		7148949F22E572FA006B84A5 /* IntroVC.swift in Sources */ = {isa = PBXBuildFile; fileRef = 7148949E22E572FA006B84A5 /* IntroVC.swift */; };
		714894A122E575CC006B84A5 /* AddIdeaVC.swift in Sources */ = {isa = PBXBuildFile; fileRef = 714894A022E575CC006B84A5 /* AddIdeaVC.swift */; };
		714894A322E64C78006B84A5 /* IdeaCell.swift in Sources */ = {isa = PBXBuildFile; fileRef = 714894A222E64C78006B84A5 /* IdeaCell.swift */; };
/* End PBXBuildFile section */

/* Begin PBXFileReference section */
		7148947D22E56EEE006B84A5 /* Idea Flask.app */ = {isa = PBXFileReference; explicitFileType = wrapper.application; includeInIndex = 0; path = "Idea Flask.app"; sourceTree = BUILT_PRODUCTS_DIR; };
		7148948022E56EEE006B84A5 /* AppDelegate.swift */ = {isa = PBXFileReference; lastKnownFileType = sourcecode.swift; path = AppDelegate.swift; sourceTree = "<group>"; };
		7148948222E56EEE006B84A5 /* IdeaListVC.swift */ = {isa = PBXFileReference; lastKnownFileType = sourcecode.swift; path = IdeaListVC.swift; sourceTree = "<group>"; };
		7148948522E56EEE006B84A5 /* Base */ = {isa = PBXFileReference; lastKnownFileType = file.storyboard; name = Base; path = Base.lproj/Main.storyboard; sourceTree = "<group>"; };
		7148948822E56EEE006B84A5 /* Idea_Flask.xcdatamodel */ = {isa = PBXFileReference; lastKnownFileType = wrapper.xcdatamodel; path = Idea_Flask.xcdatamodel; sourceTree = "<group>"; };
		7148948A22E56EF0006B84A5 /* Assets.xcassets */ = {isa = PBXFileReference; lastKnownFileType = folder.assetcatalog; path = Assets.xcassets; sourceTree = "<group>"; };
		7148948D22E56EF0006B84A5 /* Base */ = {isa = PBXFileReference; lastKnownFileType = file.storyboard; name = Base; path = Base.lproj/LaunchScreen.storyboard; sourceTree = "<group>"; };
		7148948F22E56EF0006B84A5 /* Info.plist */ = {isa = PBXFileReference; lastKnownFileType = text.plist.xml; path = Info.plist; sourceTree = "<group>"; };
		7148949A22E56F93006B84A5 /* Idea.swift */ = {isa = PBXFileReference; lastKnownFileType = sourcecode.swift; path = Idea.swift; sourceTree = "<group>"; };
		7148949C22E57266006B84A5 /* DataService.swift */ = {isa = PBXFileReference; lastKnownFileType = sourcecode.swift; path = DataService.swift; sourceTree = "<group>"; };
		7148949E22E572FA006B84A5 /* IntroVC.swift */ = {isa = PBXFileReference; lastKnownFileType = sourcecode.swift; path = IntroVC.swift; sourceTree = "<group>"; };
		714894A022E575CC006B84A5 /* AddIdeaVC.swift */ = {isa = PBXFileReference; lastKnownFileType = sourcecode.swift; path = AddIdeaVC.swift; sourceTree = "<group>"; };
		714894A222E64C78006B84A5 /* IdeaCell.swift */ = {isa = PBXFileReference; lastKnownFileType = sourcecode.swift; path = IdeaCell.swift; sourceTree = "<group>"; };
/* End PBXFileReference section */

/* Begin PBXFrameworksBuildPhase section */
		7148947A22E56EEE006B84A5 /* Frameworks */ = {
			isa = PBXFrameworksBuildPhase;
			buildActionMask = 2147483647;
			files = (
			);
			runOnlyForDeploymentPostprocessing = 0;
		};
/* End PBXFrameworksBuildPhase section */

/* Begin PBXGroup section */
		7148947422E56EEE006B84A5 = {
			isa = PBXGroup;
			children = (
				7148947F22E56EEE006B84A5 /* Idea Flask */,
				7148947E22E56EEE006B84A5 /* Products */,
			);
			sourceTree = "<group>";
		};
		7148947E22E56EEE006B84A5 /* Products */ = {
			isa = PBXGroup;
			children = (
				7148947D22E56EEE006B84A5 /* Idea Flask.app */,
			);
			name = Products;
			sourceTree = "<group>";
		};
		7148947F22E56EEE006B84A5 /* Idea Flask */ = {
			isa = PBXGroup;
			children = (
				7148949922E56F79006B84A5 /* DataModel */,
				7148949822E56F70006B84A5 /* Services */,
				7148949722E56F5B006B84A5 /* Controller */,
				7148949622E56F56006B84A5 /* View */,
				7148949522E56F50006B84A5 /* Model */,
				7148948022E56EEE006B84A5 /* AppDelegate.swift */,
				7148948A22E56EF0006B84A5 /* Assets.xcassets */,
				7148948F22E56EF0006B84A5 /* Info.plist */,
			);
			path = "Idea Flask";
			sourceTree = "<group>";
		};
		7148949522E56F50006B84A5 /* Model */ = {
			isa = PBXGroup;
			children = (
				7148949A22E56F93006B84A5 /* Idea.swift */,
			);
			path = Model;
			sourceTree = "<group>";
		};
		7148949622E56F56006B84A5 /* View */ = {
			isa = PBXGroup;
			children = (
				7148948422E56EEE006B84A5 /* Main.storyboard */,
				7148948C22E56EF0006B84A5 /* LaunchScreen.storyboard */,
				714894A222E64C78006B84A5 /* IdeaCell.swift */,
			);
			path = View;
			sourceTree = "<group>";
		};
		7148949722E56F5B006B84A5 /* Controller */ = {
			isa = PBXGroup;
			children = (
				7148948222E56EEE006B84A5 /* IdeaListVC.swift */,
				7148949E22E572FA006B84A5 /* IntroVC.swift */,
				714894A022E575CC006B84A5 /* AddIdeaVC.swift */,
			);
			path = Controller;
			sourceTree = "<group>";
		};
		7148949822E56F70006B84A5 /* Services */ = {
			isa = PBXGroup;
			children = (
				7148949C22E57266006B84A5 /* DataService.swift */,
			);
			path = Services;
			sourceTree = "<group>";
		};
		7148949922E56F79006B84A5 /* DataModel */ = {
			isa = PBXGroup;
			children = (
				7148948722E56EEE006B84A5 /* Idea_Flask.xcdatamodeld */,
			);
			path = DataModel;
			sourceTree = "<group>";
		};
/* End PBXGroup section */

/* Begin PBXNativeTarget section */
		7148947C22E56EEE006B84A5 /* Idea Flask */ = {
			isa = PBXNativeTarget;
			buildConfigurationList = 7148949222E56EF0006B84A5 /* Build configuration list for PBXNativeTarget "Idea Flask" */;
			buildPhases = (
				7148947922E56EEE006B84A5 /* Sources */,
				7148947A22E56EEE006B84A5 /* Frameworks */,
				7148947B22E56EEE006B84A5 /* Resources */,
			);
			buildRules = (
			);
			dependencies = (
			);
			name = "Idea Flask";
			productName = "Idea Flask";
			productReference = 7148947D22E56EEE006B84A5 /* Idea Flask.app */;
			productType = "com.apple.product-type.application";
		};
/* End PBXNativeTarget section */

/* Begin PBXProject section */
		7148947522E56EEE006B84A5 /* Project object */ = {
			isa = PBXProject;
			attributes = {
				LastSwiftUpdateCheck = 1020;
				LastUpgradeCheck = 1020;
				ORGANIZATIONNAME = "Allbee, Eamon";
				TargetAttributes = {
					7148947C22E56EEE006B84A5 = {
						CreatedOnToolsVersion = 10.2;
					};
				};
			};
			buildConfigurationList = 7148947822E56EEE006B84A5 /* Build configuration list for PBXProject "Idea Flask" */;
			compatibilityVersion = "Xcode 9.3";
			developmentRegion = en;
			hasScannedForEncodings = 0;
			knownRegions = (
				en,
				Base,
			);
			mainGroup = 7148947422E56EEE006B84A5;
			productRefGroup = 7148947E22E56EEE006B84A5 /* Products */;
			projectDirPath = "";
			projectRoot = "";
			targets = (
				7148947C22E56EEE006B84A5 /* Idea Flask */,
			);
		};
/* End PBXProject section */

/* Begin PBXResourcesBuildPhase section */
		7148947B22E56EEE006B84A5 /* Resources */ = {
			isa = PBXResourcesBuildPhase;
			buildActionMask = 2147483647;
			files = (
				7148948E22E56EF0006B84A5 /* LaunchScreen.storyboard in Resources */,
				7148948B22E56EF0006B84A5 /* Assets.xcassets in Resources */,
				7148948622E56EEE006B84A5 /* Main.storyboard in Resources */,
			);
			runOnlyForDeploymentPostprocessing = 0;
		};
/* End PBXResourcesBuildPhase section */

/* Begin PBXSourcesBuildPhase section */
		7148947922E56EEE006B84A5 /* Sources */ = {
			isa = PBXSourcesBuildPhase;
			buildActionMask = 2147483647;
			files = (
				7148949B22E56F93006B84A5 /* Idea.swift in Sources */,
				7148948322E56EEE006B84A5 /* IdeaListVC.swift in Sources */,
				7148948122E56EEE006B84A5 /* AppDelegate.swift in Sources */,
				7148948922E56EEE006B84A5 /* Idea_Flask.xcdatamodeld in Sources */,
				714894A322E64C78006B84A5 /* IdeaCell.swift in Sources */,
				7148949D22E57266006B84A5 /* DataService.swift in Sources */,
				714894A122E575CC006B84A5 /* AddIdeaVC.swift in Sources */,
				7148949F22E572FA006B84A5 /* IntroVC.swift in Sources */,
			);
			runOnlyForDeploymentPostprocessing = 0;
		};
/* End PBXSourcesBuildPhase section */

/* Begin PBXVariantGroup section */
		7148948422E56EEE006B84A5 /* Main.storyboard */ = {
			isa = PBXVariantGroup;
			children = (
				7148948522E56EEE006B84A5 /* Base */,
			);
			name = Main.storyboard;
			sourceTree = "<group>";
		};
		7148948C22E56EF0006B84A5 /* LaunchScreen.storyboard */ = {
			isa = PBXVariantGroup;
			children = (
				7148948D22E56EF0006B84A5 /* Base */,
			);
			name = LaunchScreen.storyboard;
			sourceTree = "<group>";
		};
/* End PBXVariantGroup section */

/* Begin XCBuildConfiguration section */
		7148949022E56EF0006B84A5 /* Debug */ = {
			isa = XCBuildConfiguration;
			buildSettings = {
				ALWAYS_SEARCH_USER_PATHS = NO;
				CLANG_ANALYZER_NONNULL = YES;
				CLANG_ANALYZER_NUMBER_OBJECT_CONVERSION = YES_AGGRESSIVE;
				CLANG_CXX_LANGUAGE_STANDARD = "gnu++14";
				CLANG_CXX_LIBRARY = "libc++";
				CLANG_ENABLE_MODULES = YES;
				CLANG_ENABLE_OBJC_ARC = YES;
				CLANG_ENABLE_OBJC_WEAK = YES;
				CLANG_WARN_BLOCK_CAPTURE_AUTORELEASING = YES;
				CLANG_WARN_BOOL_CONVERSION = YES;
				CLANG_WARN_COMMA = YES;
				CLANG_WARN_CONSTANT_CONVERSION = YES;
				CLANG_WARN_DEPRECATED_OBJC_IMPLEMENTATIONS = YES;
				CLANG_WARN_DIRECT_OBJC_ISA_USAGE = YES_ERROR;
				CLANG_WARN_DOCUMENTATION_COMMENTS = YES;
				CLANG_WARN_EMPTY_BODY = YES;
				CLANG_WARN_ENUM_CONVERSION = YES;
				CLANG_WARN_INFINITE_RECURSION = YES;
				CLANG_WARN_INT_CONVERSION = YES;
				CLANG_WARN_NON_LITERAL_NULL_CONVERSION = YES;
				CLANG_WARN_OBJC_IMPLICIT_RETAIN_SELF = YES;
				CLANG_WARN_OBJC_LITERAL_CONVERSION = YES;
				CLANG_WARN_OBJC_ROOT_CLASS = YES_ERROR;
				CLANG_WARN_RANGE_LOOP_ANALYSIS = YES;
				CLANG_WARN_STRICT_PROTOTYPES = YES;
				CLANG_WARN_SUSPICIOUS_MOVE = YES;
				CLANG_WARN_UNGUARDED_AVAILABILITY = YES_AGGRESSIVE;
				CLANG_WARN_UNREACHABLE_CODE = YES;
				CLANG_WARN__DUPLICATE_METHOD_MATCH = YES;
				CODE_SIGN_IDENTITY = "iPhone Developer";
				COPY_PHASE_STRIP = NO;
				DEBUG_INFORMATION_FORMAT = dwarf;
				ENABLE_STRICT_OBJC_MSGSEND = YES;
				ENABLE_TESTABILITY = YES;
				GCC_C_LANGUAGE_STANDARD = gnu11;
				GCC_DYNAMIC_NO_PIC = NO;
				GCC_NO_COMMON_BLOCKS = YES;
				GCC_OPTIMIZATION_LEVEL = 0;
				GCC_PREPROCESSOR_DEFINITIONS = (
					"DEBUG=1",
					"$(inherited)",
				);
				GCC_WARN_64_TO_32_BIT_CONVERSION = YES;
				GCC_WARN_ABOUT_RETURN_TYPE = YES_ERROR;
				GCC_WARN_UNDECLARED_SELECTOR = YES;
				GCC_WARN_UNINITIALIZED_AUTOS = YES_AGGRESSIVE;
				GCC_WARN_UNUSED_FUNCTION = YES;
				GCC_WARN_UNUSED_VARIABLE = YES;
				IPHONEOS_DEPLOYMENT_TARGET = 12.2;
				MTL_ENABLE_DEBUG_INFO = INCLUDE_SOURCE;
				MTL_FAST_MATH = YES;
				ONLY_ACTIVE_ARCH = YES;
				SDKROOT = iphoneos;
				SWIFT_ACTIVE_COMPILATION_CONDITIONS = DEBUG;
				SWIFT_OPTIMIZATION_LEVEL = "-Onone";
			};
			name = Debug;
		};
		7148949122E56EF0006B84A5 /* Release */ = {
			isa = XCBuildConfiguration;
			buildSettings = {
				ALWAYS_SEARCH_USER_PATHS = NO;
				CLANG_ANALYZER_NONNULL = YES;
				CLANG_ANALYZER_NUMBER_OBJECT_CONVERSION = YES_AGGRESSIVE;
				CLANG_CXX_LANGUAGE_STANDARD = "gnu++14";
				CLANG_CXX_LIBRARY = "libc++";
				CLANG_ENABLE_MODULES = YES;
				CLANG_ENABLE_OBJC_ARC = YES;
				CLANG_ENABLE_OBJC_WEAK = YES;
				CLANG_WARN_BLOCK_CAPTURE_AUTORELEASING = YES;
				CLANG_WARN_BOOL_CONVERSION = YES;
				CLANG_WARN_COMMA = YES;
				CLANG_WARN_CONSTANT_CONVERSION = YES;
				CLANG_WARN_DEPRECATED_OBJC_IMPLEMENTATIONS = YES;
				CLANG_WARN_DIRECT_OBJC_ISA_USAGE = YES_ERROR;
				CLANG_WARN_DOCUMENTATION_COMMENTS = YES;
				CLANG_WARN_EMPTY_BODY = YES;
				CLANG_WARN_ENUM_CONVERSION = YES;
				CLANG_WARN_INFINITE_RECURSION = YES;
				CLANG_WARN_INT_CONVERSION = YES;
				CLANG_WARN_NON_LITERAL_NULL_CONVERSION = YES;
				CLANG_WARN_OBJC_IMPLICIT_RETAIN_SELF = YES;
				CLANG_WARN_OBJC_LITERAL_CONVERSION = YES;
				CLANG_WARN_OBJC_ROOT_CLASS = YES_ERROR;
				CLANG_WARN_RANGE_LOOP_ANALYSIS = YES;
				CLANG_WARN_STRICT_PROTOTYPES = YES;
				CLANG_WARN_SUSPICIOUS_MOVE = YES;
				CLANG_WARN_UNGUARDED_AVAILABILITY = YES_AGGRESSIVE;
				CLANG_WARN_UNREACHABLE_CODE = YES;
				CLANG_WARN__DUPLICATE_METHOD_MATCH = YES;
				CODE_SIGN_IDENTITY = "iPhone Developer";
				COPY_PHASE_STRIP = NO;
				DEBUG_INFORMATION_FORMAT = "dwarf-with-dsym";
				ENABLE_NS_ASSERTIONS = NO;
				ENABLE_STRICT_OBJC_MSGSEND = YES;
				GCC_C_LANGUAGE_STANDARD = gnu11;
				GCC_NO_COMMON_BLOCKS = YES;
				GCC_WARN_64_TO_32_BIT_CONVERSION = YES;
				GCC_WARN_ABOUT_RETURN_TYPE = YES_ERROR;
				GCC_WARN_UNDECLARED_SELECTOR = YES;
				GCC_WARN_UNINITIALIZED_AUTOS = YES_AGGRESSIVE;
				GCC_WARN_UNUSED_FUNCTION = YES;
				GCC_WARN_UNUSED_VARIABLE = YES;
				IPHONEOS_DEPLOYMENT_TARGET = 12.2;
				MTL_ENABLE_DEBUG_INFO = NO;
				MTL_FAST_MATH = YES;
				SDKROOT = iphoneos;
				SWIFT_COMPILATION_MODE = wholemodule;
				SWIFT_OPTIMIZATION_LEVEL = "-O";
				VALIDATE_PRODUCT = YES;
			};
			name = Release;
		};
		7148949322E56EF0006B84A5 /* Debug */ = {
			isa = XCBuildConfiguration;
			buildSettings = {
				ASSETCATALOG_COMPILER_APPICON_NAME = AppIcon;
				CODE_SIGN_STYLE = Automatic;
				DEVELOPMENT_TEAM = 457T53625V;
				INFOPLIST_FILE = "Idea Flask/Info.plist";
				LD_RUNPATH_SEARCH_PATHS = (
					"$(inherited)",
					"@executable_path/Frameworks",
				);
				PRODUCT_BUNDLE_IDENTIFIER = "com.allbeefit.Idea-Flask";
				PRODUCT_NAME = "$(TARGET_NAME)";
				SWIFT_VERSION = 5.0;
				TARGETED_DEVICE_FAMILY = "1,2";
			};
			name = Debug;
		};
		7148949422E56EF0006B84A5 /* Release */ = {
			isa = XCBuildConfiguration;
			buildSettings = {
				ASSETCATALOG_COMPILER_APPICON_NAME = AppIcon;
				CODE_SIGN_STYLE = Automatic;
				DEVELOPMENT_TEAM = 457T53625V;
				INFOPLIST_FILE = "Idea Flask/Info.plist";
				LD_RUNPATH_SEARCH_PATHS = (
					"$(inherited)",
					"@executable_path/Frameworks",
				);
				PRODUCT_BUNDLE_IDENTIFIER = "com.allbeefit.Idea-Flask";
				PRODUCT_NAME = "$(TARGET_NAME)";
				SWIFT_VERSION = 5.0;
				TARGETED_DEVICE_FAMILY = "1,2";
			};
			name = Release;
		};
/* End XCBuildConfiguration section */

/* Begin XCConfigurationList section */
		7148947822E56EEE006B84A5 /* Build configuration list for PBXProject "Idea Flask" */ = {
			isa = XCConfigurationList;
			buildConfigurations = (
				7148949022E56EF0006B84A5 /* Debug */,
				7148949122E56EF0006B84A5 /* Release */,
			);
			defaultConfigurationIsVisible = 0;
			defaultConfigurationName = Release;
		};
		7148949222E56EF0006B84A5 /* Build configuration list for PBXNativeTarget "Idea Flask" */ = {
			isa = XCConfigurationList;
			buildConfigurations = (
				7148949322E56EF0006B84A5 /* Debug */,
				7148949422E56EF0006B84A5 /* Release */,
			);
			defaultConfigurationIsVisible = 0;
			defaultConfigurationName = Release;
		};
/* End XCConfigurationList section */

/* Begin XCVersionGroup section */
		7148948722E56EEE006B84A5 /* Idea_Flask.xcdatamodeld */ = {
			isa = XCVersionGroup;
			children = (
				7148948822E56EEE006B84A5 /* Idea_Flask.xcdatamodel */,
			);
			currentVersion = 7148948822E56EEE006B84A5 /* Idea_Flask.xcdatamodel */;
			path = Idea_Flask.xcdatamodeld;
			sourceTree = "<group>";
			versionGroupType = wrapper.xcdatamodel;
		};
/* End XCVersionGroup section */
	};
	rootObject = 7148947522E56EEE006B84A5 /* Project object */;
}
